
Microsoft Visual Studio Solution File, Format Version 12.00
# Visual Studio 15
Project("{FAE04EC0-301F-11D3-BF4B-00C04F79EFBC}") = "Oculus.Platform", "Oculus.Platform.csproj", "{9D5EDFD6-0AC2-0F90-1421-4EE6071C5D83}"
EndProject
Project("{FAE04EC0-301F-11D3-BF4B-00C04F79EFBC}") = "Assembly-CSharp", "Assembly-CSharp.csproj", "{90FBA851-F463-15C0-B094-EC0E7AE423D2}"
EndProject
Project("{FAE04EC0-301F-11D3-BF4B-00C04F79EFBC}") = "Oculus.Spatializer", "Oculus.Spatializer.csproj", "{B13A7E3D-D77E-C68D-268C-5205D80FD3BC}"
EndProject
Project("{FAE04EC0-301F-11D3-BF4B-00C04F79EFBC}") = "Oculus.Interaction", "Oculus.Interaction.csproj", "{C8BC4596-5D4D-5FF1-D338-42A13BE02DA9}"
EndProject
Project("{FAE04EC0-301F-11D3-BF4B-00C04F79EFBC}") = "Facebook.WitAI", "Facebook.WitAI.csproj", "{973F6A4F-7C62-0120-F1C5-F210AB3E7E33}"
EndProject
Project("{FAE04EC0-301F-11D3-BF4B-00C04F79EFBC}") = "Oculus.VR", "Oculus.VR.csproj", "{567B0F6F-5EED-7557-EFF7-6C434485B6AB}"
EndProject
Project("{FAE04EC0-301F-11D3-BF4B-00C04F79EFBC}") = "Oculus.Interaction.Samples", "Oculus.Interaction.Samples.csproj", "{DB55C5CA-ABFF-BC0E-9DD4-66C49F2248FA}"
EndProject
Project("{FAE04EC0-301F-11D3-BF4B-00C04F79EFBC}") = "Siccity.GLTFUtility", "Siccity.GLTFUtility.csproj", "{6BFDFC40-C772-731C-B0C5-6E59B81DD64B}"
EndProject
Project("{FAE04EC0-301F-11D3-BF4B-00C04F79EFBC}") = "VoiceSDK.Dictation.Runtime", "VoiceSDK.Dictation.Runtime.csproj", "{EEC7DEBE-1CF3-23B0-463B-22F49494746A}"
EndProject
Project("{FAE04EC0-301F-11D3-BF4B-00C04F79EFBC}") = "Facebook.Wit.TTS", "Facebook.Wit.TTS.csproj", "{8E4C8DF6-2BA3-805D-B296-48899784998B}"
EndProject
Project("{FAE04EC0-301F-11D3-BF4B-00C04F79EFBC}") = "Oculus.AudioManager", "Oculus.AudioManager.csproj", "{52935925-2C5C-80D8-4C18-7EB2B9984E27}"
EndProject
Project("{FAE04EC0-301F-11D3-BF4B-00C04F79EFBC}") = "VoiceSDK.Runtime", "VoiceSDK.Runtime.csproj", "{B90C942A-06D1-2781-C757-0CC0CC29B41B}"
EndProject
Project("{FAE04EC0-301F-11D3-BF4B-00C04F79EFBC}") = "Facebook.Wit.Dictation", "Facebook.Wit.Dictation.csproj", "{14A01E13-7E44-D052-3D36-CC9C9E9F6F47}"
EndProject
Project("{FAE04EC0-301F-11D3-BF4B-00C04F79EFBC}") = "CLAPPlugin", "CLAPPlugin.csproj", "{575AA8C5-27BA-9797-86F4-F7B747BB0A79}"
EndProject
Project("{FAE04EC0-301F-11D3-BF4B-00C04F79EFBC}") = "Oculus.Voice.Demo", "Oculus.Voice.Demo.csproj", "{AC227000-FBD2-8D2D-991B-169B39B0B393}"
EndProject
Project("{FAE04EC0-301F-11D3-BF4B-00C04F79EFBC}") = "AssistantCoreSDKRuntime", "AssistantCoreSDKRuntime.csproj", "{0AA1FF85-2814-8B6F-4788-BF9A8D2AB61C}"
EndProject
Project("{FAE04EC0-301F-11D3-BF4B-00C04F79EFBC}") = "LitJson", "LitJson.csproj", "{5C1660E9-D4C4-5C45-C9A0-DC5D1B14322E}"
EndProject
Project("{FAE04EC0-301F-11D3-BF4B-00C04F79EFBC}") = "Facebook.Wit.Conduit", "Facebook.Wit.Conduit.csproj", "{686E6C92-27EB-4148-5F13-911149BE8A51}"
EndProject
Project("{FAE04EC0-301F-11D3-BF4B-00C04F79EFBC}") = "Oculus.LipSync", "Oculus.LipSync.csproj", "{802F2208-2F54-B36F-1D75-A27D47D77921}"
EndProject
Project("{FAE04EC0-301F-11D3-BF4B-00C04F79EFBC}") = "Facebook.Wit.TTS.Samples", "Facebook.Wit.TTS.Samples.csproj", "{40C80D76-46C2-CD96-C828-8C263578B72B}"
EndProject
Project("{FAE04EC0-301F-11D3-BF4B-00C04F79EFBC}") = "Dracodec", "Dracodec.csproj", "{B1B33BA2-0783-4FCA-357F-00F59CABCB60}"
EndProject
Project("{FAE04EC0-301F-11D3-BF4B-00C04F79EFBC}") = "Facebook.Wit.Editor", "Facebook.Wit.Editor.csproj", "{FEC210C6-F89E-DF4D-4CD1-5122E28F1F0B}"
EndProject
Project("{FAE04EC0-301F-11D3-BF4B-00C04F79EFBC}") = "Siccity.GLTFUtility.Editor", "Siccity.GLTFUtility.Editor.csproj", "{FEF9D354-E66B-222F-5671-3799861678B2}"
EndProject
Project("{FAE04EC0-301F-11D3-BF4B-00C04F79EFBC}") = "Oculus.Interaction.Editor", "Oculus.Interaction.Editor.csproj", "{8CA44295-19CF-4274-D159-B200D8D492C7}"
EndProject
Project("{FAE04EC0-301F-11D3-BF4B-00C04F79EFBC}") = "Facebook.Wit.Conduit.Editor", "Facebook.Wit.Conduit.Editor.csproj", "{5382C167-4C9F-4432-8356-166C8C24B3F1}"
EndProject
Project("{FAE04EC0-301F-11D3-BF4B-00C04F79EFBC}") = "Assembly-CSharp-Editor", "Assembly-CSharp-Editor.csproj", "{88387778-B428-5253-C79E-439AFFDC1AC1}"
EndProject
Project("{FAE04EC0-301F-11D3-BF4B-00C04F79EFBC}") = "Oculus.Interaction.Samples.Editor", "Oculus.Interaction.Samples.Editor.csproj", "{6734DB56-1E49-7167-E835-B6C3B2E59C51}"
EndProject
Project("{FAE04EC0-301F-11D3-BF4B-00C04F79EFBC}") = "Oculus.VR.Editor", "Oculus.VR.Editor.csproj", "{87B20768-CFF8-6664-603F-3A0264E9096E}"
EndProject
Project("{FAE04EC0-301F-11D3-BF4B-00C04F79EFBC}") = "VoiceSDK.Editor", "VoiceSDK.Editor.csproj", "{0832DFDC-9C57-C1B2-277F-6103595EDAA6}"
EndProject
Project("{FAE04EC0-301F-11D3-BF4B-00C04F79EFBC}") = "Facebook.Wit.TTS.Editor", "Facebook.Wit.TTS.Editor.csproj", "{3CDCA282-FC87-3BCF-B1B4-5A7D6364DC29}"
EndProject
Project("{FAE04EC0-301F-11D3-BF4B-00C04F79EFBC}") = "Facebook.Wit.Dictation.Editor", "Facebook.Wit.Dictation.Editor.csproj", "{74348295-CD53-8327-FF8D-42BB3F3E8F2D}"
EndProject
Project("{FAE04EC0-301F-11D3-BF4B-00C04F79EFBC}") = "VoiceSDK.Dictation.Editor", "VoiceSDK.Dictation.Editor.csproj", "{122157BA-18AD-F176-9490-CE3864826E7A}"
EndProject
Project("{FAE04EC0-301F-11D3-BF4B-00C04F79EFBC}") = "Oculus.Platform.Editor", "Oculus.Platform.Editor.csproj", "{A1B3C15B-6E48-4556-F452-D802C37001A0}"
EndProject
Project("{FAE04EC0-301F-11D3-BF4B-00C04F79EFBC}") = "Oculus.Spatializer.Editor", "Oculus.Spatializer.Editor.csproj", "{0125062B-D5BB-50D1-E7EB-60A27B9BBA8E}"
EndProject
Project("{FAE04EC0-301F-11D3-BF4B-00C04F79EFBC}") = "Oculus.AudioManager.Audio.Editor", "Oculus.AudioManager.Audio.Editor.csproj", "{DCE32998-EEA0-46A4-B292-056C41B37DDD}"
EndProject
Project("{FAE04EC0-301F-11D3-BF4B-00C04F79EFBC}") = "Oculus.Interaction.InterfaceSupport", "Oculus.Interaction.InterfaceSupport.csproj", "{E928BC08-03AF-A5CA-9905-EC1F330773DA}"
EndProject
Project("{FAE04EC0-301F-11D3-BF4B-00C04F79EFBC}") = "Oculus.VR.Scripts.Editor", "Oculus.VR.Scripts.Editor.csproj", "{64D39F27-A5FF-EBBB-CCE1-B996BA6858F4}"
EndProject
Project("{FAE04EC0-301F-11D3-BF4B-00C04F79EFBC}") = "Oculus.LipSync.Editor", "Oculus.LipSync.Editor.csproj", "{25E8F1D3-81BB-9939-7FB5-D70534256D66}"
EndProject
Project("{FAE04EC0-301F-11D3-BF4B-00C04F79EFBC}") = "AssistantCoreSDKEditor", "AssistantCoreSDKEditor.csproj", "{AEF6689B-4F9D-49EE-83A9-34CDED48E5ED}"
EndProject
Project("{FAE04EC0-301F-11D3-BF4B-00C04F79EFBC}") = "Oculus.AudioManager.Utils.Editor", "Oculus.AudioManager.Utils.Editor.csproj", "{BBEF6C77-85D3-D6B7-752D-C77B671A216A}"
EndProject
Global
	GlobalSection(SolutionConfigurationPlatforms) = preSolution
		Debug|Any CPU = Debug|Any CPU
		Release|Any CPU = Release|Any CPU
	EndGlobalSection
	GlobalSection(ProjectConfigurationPlatforms) = postSolution
		{9D5EDFD6-0AC2-0F90-1421-4EE6071C5D83}.Debug|Any CPU.ActiveCfg = Debug|Any CPU
		{9D5EDFD6-0AC2-0F90-1421-4EE6071C5D83}.Debug|Any CPU.Build.0 = Debug|Any CPU
		{9D5EDFD6-0AC2-0F90-1421-4EE6071C5D83}.Release|Any CPU.ActiveCfg = Release|Any CPU
		{9D5EDFD6-0AC2-0F90-1421-4EE6071C5D83}.Release|Any CPU.Build.0 = Release|Any CPU
		{90FBA851-F463-15C0-B094-EC0E7AE423D2}.Debug|Any CPU.ActiveCfg = Debug|Any CPU
		{90FBA851-F463-15C0-B094-EC0E7AE423D2}.Debug|Any CPU.Build.0 = Debug|Any CPU
		{90FBA851-F463-15C0-B094-EC0E7AE423D2}.Release|Any CPU.ActiveCfg = Release|Any CPU
		{90FBA851-F463-15C0-B094-EC0E7AE423D2}.Release|Any CPU.Build.0 = Release|Any CPU
		{B13A7E3D-D77E-C68D-268C-5205D80FD3BC}.Debug|Any CPU.ActiveCfg = Debug|Any CPU
		{B13A7E3D-D77E-C68D-268C-5205D80FD3BC}.Debug|Any CPU.Build.0 = Debug|Any CPU
		{B13A7E3D-D77E-C68D-268C-5205D80FD3BC}.Release|Any CPU.ActiveCfg = Release|Any CPU
		{B13A7E3D-D77E-C68D-268C-5205D80FD3BC}.Release|Any CPU.Build.0 = Release|Any CPU
		{C8BC4596-5D4D-5FF1-D338-42A13BE02DA9}.Debug|Any CPU.ActiveCfg = Debug|Any CPU
		{C8BC4596-5D4D-5FF1-D338-42A13BE02DA9}.Debug|Any CPU.Build.0 = Debug|Any CPU
		{C8BC4596-5D4D-5FF1-D338-42A13BE02DA9}.Release|Any CPU.ActiveCfg = Release|Any CPU
		{C8BC4596-5D4D-5FF1-D338-42A13BE02DA9}.Release|Any CPU.Build.0 = Release|Any CPU
		{973F6A4F-7C62-0120-F1C5-F210AB3E7E33}.Debug|Any CPU.ActiveCfg = Debug|Any CPU
		{973F6A4F-7C62-0120-F1C5-F210AB3E7E33}.Debug|Any CPU.Build.0 = Debug|Any CPU
		{973F6A4F-7C62-0120-F1C5-F210AB3E7E33}.Release|Any CPU.ActiveCfg = Release|Any CPU
		{973F6A4F-7C62-0120-F1C5-F210AB3E7E33}.Release|Any CPU.Build.0 = Release|Any CPU
		{567B0F6F-5EED-7557-EFF7-6C434485B6AB}.Debug|Any CPU.ActiveCfg = Debug|Any CPU
		{567B0F6F-5EED-7557-EFF7-6C434485B6AB}.Debug|Any CPU.Build.0 = Debug|Any CPU
		{567B0F6F-5EED-7557-EFF7-6C434485B6AB}.Release|Any CPU.ActiveCfg = Release|Any CPU
		{567B0F6F-5EED-7557-EFF7-6C434485B6AB}.Release|Any CPU.Build.0 = Release|Any CPU
		{DB55C5CA-ABFF-BC0E-9DD4-66C49F2248FA}.Debug|Any CPU.ActiveCfg = Debug|Any CPU
		{DB55C5CA-ABFF-BC0E-9DD4-66C49F2248FA}.Debug|Any CPU.Build.0 = Debug|Any CPU
		{DB55C5CA-ABFF-BC0E-9DD4-66C49F2248FA}.Release|Any CPU.ActiveCfg = Release|Any CPU
		{DB55C5CA-ABFF-BC0E-9DD4-66C49F2248FA}.Release|Any CPU.Build.0 = Release|Any CPU
		{6BFDFC40-C772-731C-B0C5-6E59B81DD64B}.Debug|Any CPU.ActiveCfg = Debug|Any CPU
		{6BFDFC40-C772-731C-B0C5-6E59B81DD64B}.Debug|Any CPU.Build.0 = Debug|Any CPU
		{6BFDFC40-C772-731C-B0C5-6E59B81DD64B}.Release|Any CPU.ActiveCfg = Release|Any CPU
		{6BFDFC40-C772-731C-B0C5-6E59B81DD64B}.Release|Any CPU.Build.0 = Release|Any CPU
		{EEC7DEBE-1CF3-23B0-463B-22F49494746A}.Debug|Any CPU.ActiveCfg = Debug|Any CPU
		{EEC7DEBE-1CF3-23B0-463B-22F49494746A}.Debug|Any CPU.Build.0 = Debug|Any CPU
		{EEC7DEBE-1CF3-23B0-463B-22F49494746A}.Release|Any CPU.ActiveCfg = Release|Any CPU
		{EEC7DEBE-1CF3-23B0-463B-22F49494746A}.Release|Any CPU.Build.0 = Release|Any CPU
		{8E4C8DF6-2BA3-805D-B296-48899784998B}.Debug|Any CPU.ActiveCfg = Debug|Any CPU
		{8E4C8DF6-2BA3-805D-B296-48899784998B}.Debug|Any CPU.Build.0 = Debug|Any CPU
		{8E4C8DF6-2BA3-805D-B296-48899784998B}.Release|Any CPU.ActiveCfg = Release|Any CPU
		{8E4C8DF6-2BA3-805D-B296-48899784998B}.Release|Any CPU.Build.0 = Release|Any CPU
		{52935925-2C5C-80D8-4C18-7EB2B9984E27}.Debug|Any CPU.ActiveCfg = Debug|Any CPU
		{52935925-2C5C-80D8-4C18-7EB2B9984E27}.Debug|Any CPU.Build.0 = Debug|Any CPU
		{52935925-2C5C-80D8-4C18-7EB2B9984E27}.Release|Any CPU.ActiveCfg = Release|Any CPU
		{52935925-2C5C-80D8-4C18-7EB2B9984E27}.Release|Any CPU.Build.0 = Release|Any CPU
		{B90C942A-06D1-2781-C757-0CC0CC29B41B}.Debug|Any CPU.ActiveCfg = Debug|Any CPU
		{B90C942A-06D1-2781-C757-0CC0CC29B41B}.Debug|Any CPU.Build.0 = Debug|Any CPU
		{B90C942A-06D1-2781-C757-0CC0CC29B41B}.Release|Any CPU.ActiveCfg = Release|Any CPU
		{B90C942A-06D1-2781-C757-0CC0CC29B41B}.Release|Any CPU.Build.0 = Release|Any CPU
		{14A01E13-7E44-D052-3D36-CC9C9E9F6F47}.Debug|Any CPU.ActiveCfg = Debug|Any CPU
		{14A01E13-7E44-D052-3D36-CC9C9E9F6F47}.Debug|Any CPU.Build.0 = Debug|Any CPU
		{14A01E13-7E44-D052-3D36-CC9C9E9F6F47}.Release|Any CPU.ActiveCfg = Release|Any CPU
		{14A01E13-7E44-D052-3D36-CC9C9E9F6F47}.Release|Any CPU.Build.0 = Release|Any CPU
		{575AA8C5-27BA-9797-86F4-F7B747BB0A79}.Debug|Any CPU.ActiveCfg = Debug|Any CPU
		{575AA8C5-27BA-9797-86F4-F7B747BB0A79}.Debug|Any CPU.Build.0 = Debug|Any CPU
		{575AA8C5-27BA-9797-86F4-F7B747BB0A79}.Release|Any CPU.ActiveCfg = Release|Any CPU
		{575AA8C5-27BA-9797-86F4-F7B747BB0A79}.Release|Any CPU.Build.0 = Release|Any CPU
		{AC227000-FBD2-8D2D-991B-169B39B0B393}.Debug|Any CPU.ActiveCfg = Debug|Any CPU
		{AC227000-FBD2-8D2D-991B-169B39B0B393}.Debug|Any CPU.Build.0 = Debug|Any CPU
		{AC227000-FBD2-8D2D-991B-169B39B0B393}.Release|Any CPU.ActiveCfg = Release|Any CPU
		{AC227000-FBD2-8D2D-991B-169B39B0B393}.Release|Any CPU.Build.0 = Release|Any CPU
		{0AA1FF85-2814-8B6F-4788-BF9A8D2AB61C}.Debug|Any CPU.ActiveCfg = Debug|Any CPU
		{0AA1FF85-2814-8B6F-4788-BF9A8D2AB61C}.Debug|Any CPU.Build.0 = Debug|Any CPU
		{0AA1FF85-2814-8B6F-4788-BF9A8D2AB61C}.Release|Any CPU.ActiveCfg = Release|Any CPU
		{0AA1FF85-2814-8B6F-4788-BF9A8D2AB61C}.Release|Any CPU.Build.0 = Release|Any CPU
		{5C1660E9-D4C4-5C45-C9A0-DC5D1B14322E}.Debug|Any CPU.ActiveCfg = Debug|Any CPU
		{5C1660E9-D4C4-5C45-C9A0-DC5D1B14322E}.Debug|Any CPU.Build.0 = Debug|Any CPU
		{5C1660E9-D4C4-5C45-C9A0-DC5D1B14322E}.Release|Any CPU.ActiveCfg = Release|Any CPU
		{5C1660E9-D4C4-5C45-C9A0-DC5D1B14322E}.Release|Any CPU.Build.0 = Release|Any CPU
		{686E6C92-27EB-4148-5F13-911149BE8A51}.Debug|Any CPU.ActiveCfg = Debug|Any CPU
		{686E6C92-27EB-4148-5F13-911149BE8A51}.Debug|Any CPU.Build.0 = Debug|Any CPU
		{686E6C92-27EB-4148-5F13-911149BE8A51}.Release|Any CPU.ActiveCfg = Release|Any CPU
		{686E6C92-27EB-4148-5F13-911149BE8A51}.Release|Any CPU.Build.0 = Release|Any CPU
		{802F2208-2F54-B36F-1D75-A27D47D77921}.Debug|Any CPU.ActiveCfg = Debug|Any CPU
		{802F2208-2F54-B36F-1D75-A27D47D77921}.Debug|Any CPU.Build.0 = Debug|Any CPU
		{802F2208-2F54-B36F-1D75-A27D47D77921}.Release|Any CPU.ActiveCfg = Release|Any CPU
		{802F2208-2F54-B36F-1D75-A27D47D77921}.Release|Any CPU.Build.0 = Release|Any CPU
		{40C80D76-46C2-CD96-C828-8C263578B72B}.Debug|Any CPU.ActiveCfg = Debug|Any CPU
		{40C80D76-46C2-CD96-C828-8C263578B72B}.Debug|Any CPU.Build.0 = Debug|Any CPU
		{40C80D76-46C2-CD96-C828-8C263578B72B}.Release|Any CPU.ActiveCfg = Release|Any CPU
		{40C80D76-46C2-CD96-C828-8C263578B72B}.Release|Any CPU.Build.0 = Release|Any CPU
		{B1B33BA2-0783-4FCA-357F-00F59CABCB60}.Debug|Any CPU.ActiveCfg = Debug|Any CPU
		{B1B33BA2-0783-4FCA-357F-00F59CABCB60}.Debug|Any CPU.Build.0 = Debug|Any CPU
		{B1B33BA2-0783-4FCA-357F-00F59CABCB60}.Release|Any CPU.ActiveCfg = Release|Any CPU
		{B1B33BA2-0783-4FCA-357F-00F59CABCB60}.Release|Any CPU.Build.0 = Release|Any CPU
		{FEC210C6-F89E-DF4D-4CD1-5122E28F1F0B}.Debug|Any CPU.ActiveCfg = Debug|Any CPU
		{FEC210C6-F89E-DF4D-4CD1-5122E28F1F0B}.Debug|Any CPU.Build.0 = Debug|Any CPU
		{FEC210C6-F89E-DF4D-4CD1-5122E28F1F0B}.Release|Any CPU.ActiveCfg = Release|Any CPU
		{FEC210C6-F89E-DF4D-4CD1-5122E28F1F0B}.Release|Any CPU.Build.0 = Release|Any CPU
		{FEF9D354-E66B-222F-5671-3799861678B2}.Debug|Any CPU.ActiveCfg = Debug|Any CPU
		{FEF9D354-E66B-222F-5671-3799861678B2}.Debug|Any CPU.Build.0 = Debug|Any CPU
		{FEF9D354-E66B-222F-5671-3799861678B2}.Release|Any CPU.ActiveCfg = Release|Any CPU
		{FEF9D354-E66B-222F-5671-3799861678B2}.Release|Any CPU.Build.0 = Release|Any CPU
		{8CA44295-19CF-4274-D159-B200D8D492C7}.Debug|Any CPU.ActiveCfg = Debug|Any CPU
		{8CA44295-19CF-4274-D159-B200D8D492C7}.Debug|Any CPU.Build.0 = Debug|Any CPU
		{8CA44295-19CF-4274-D159-B200D8D492C7}.Release|Any CPU.ActiveCfg = Release|Any CPU
		{8CA44295-19CF-4274-D159-B200D8D492C7}.Release|Any CPU.Build.0 = Release|Any CPU
		{5382C167-4C9F-4432-8356-166C8C24B3F1}.Debug|Any CPU.ActiveCfg = Debug|Any CPU
		{5382C167-4C9F-4432-8356-166C8C24B3F1}.Debug|Any CPU.Build.0 = Debug|Any CPU
		{5382C167-4C9F-4432-8356-166C8C24B3F1}.Release|Any CPU.ActiveCfg = Release|Any CPU
		{5382C167-4C9F-4432-8356-166C8C24B3F1}.Release|Any CPU.Build.0 = Release|Any CPU
		{88387778-B428-5253-C79E-439AFFDC1AC1}.Debug|Any CPU.ActiveCfg = Debug|Any CPU
		{88387778-B428-5253-C79E-439AFFDC1AC1}.Debug|Any CPU.Build.0 = Debug|Any CPU
		{88387778-B428-5253-C79E-439AFFDC1AC1}.Release|Any CPU.ActiveCfg = Release|Any CPU
		{88387778-B428-5253-C79E-439AFFDC1AC1}.Release|Any CPU.Build.0 = Release|Any CPU
		{6734DB56-1E49-7167-E835-B6C3B2E59C51}.Debug|Any CPU.ActiveCfg = Debug|Any CPU
		{6734DB56-1E49-7167-E835-B6C3B2E59C51}.Debug|Any CPU.Build.0 = Debug|Any CPU
		{6734DB56-1E49-7167-E835-B6C3B2E59C51}.Release|Any CPU.ActiveCfg = Release|Any CPU
		{6734DB56-1E49-7167-E835-B6C3B2E59C51}.Release|Any CPU.Build.0 = Release|Any CPU
		{87B20768-CFF8-6664-603F-3A0264E9096E}.Debug|Any CPU.ActiveCfg = Debug|Any CPU
		{87B20768-CFF8-6664-603F-3A0264E9096E}.Debug|Any CPU.Build.0 = Debug|Any CPU
		{87B20768-CFF8-6664-603F-3A0264E9096E}.Release|Any CPU.ActiveCfg = Release|Any CPU
		{87B20768-CFF8-6664-603F-3A0264E9096E}.Release|Any CPU.Build.0 = Release|Any CPU
		{0832DFDC-9C57-C1B2-277F-6103595EDAA6}.Debug|Any CPU.ActiveCfg = Debug|Any CPU
		{0832DFDC-9C57-C1B2-277F-6103595EDAA6}.Debug|Any CPU.Build.0 = Debug|Any CPU
		{0832DFDC-9C57-C1B2-277F-6103595EDAA6}.Release|Any CPU.ActiveCfg = Release|Any CPU
		{0832DFDC-9C57-C1B2-277F-6103595EDAA6}.Release|Any CPU.Build.0 = Release|Any CPU
		{3CDCA282-FC87-3BCF-B1B4-5A7D6364DC29}.Debug|Any CPU.ActiveCfg = Debug|Any CPU
		{3CDCA282-FC87-3BCF-B1B4-5A7D6364DC29}.Debug|Any CPU.Build.0 = Debug|Any CPU
		{3CDCA282-FC87-3BCF-B1B4-5A7D6364DC29}.Release|Any CPU.ActiveCfg = Release|Any CPU
		{3CDCA282-FC87-3BCF-B1B4-5A7D6364DC29}.Release|Any CPU.Build.0 = Release|Any CPU
		{74348295-CD53-8327-FF8D-42BB3F3E8F2D}.Debug|Any CPU.ActiveCfg = Debug|Any CPU
		{74348295-CD53-8327-FF8D-42BB3F3E8F2D}.Debug|Any CPU.Build.0 = Debug|Any CPU
		{74348295-CD53-8327-FF8D-42BB3F3E8F2D}.Release|Any CPU.ActiveCfg = Release|Any CPU
		{74348295-CD53-8327-FF8D-42BB3F3E8F2D}.Release|Any CPU.Build.0 = Release|Any CPU
		{122157BA-18AD-F176-9490-CE3864826E7A}.Debug|Any CPU.ActiveCfg = Debug|Any CPU
		{122157BA-18AD-F176-9490-CE3864826E7A}.Debug|Any CPU.Build.0 = Debug|Any CPU
		{122157BA-18AD-F176-9490-CE3864826E7A}.Release|Any CPU.ActiveCfg = Release|Any CPU
		{122157BA-18AD-F176-9490-CE3864826E7A}.Release|Any CPU.Build.0 = Release|Any CPU
		{A1B3C15B-6E48-4556-F452-D802C37001A0}.Debug|Any CPU.ActiveCfg = Debug|Any CPU
		{A1B3C15B-6E48-4556-F452-D802C37001A0}.Debug|Any CPU.Build.0 = Debug|Any CPU
		{A1B3C15B-6E48-4556-F452-D802C37001A0}.Release|Any CPU.ActiveCfg = Release|Any CPU
		{A1B3C15B-6E48-4556-F452-D802C37001A0}.Release|Any CPU.Build.0 = Release|Any CPU
		{0125062B-D5BB-50D1-E7EB-60A27B9BBA8E}.Debug|Any CPU.ActiveCfg = Debug|Any CPU
		{0125062B-D5BB-50D1-E7EB-60A27B9BBA8E}.Debug|Any CPU.Build.0 = Debug|Any CPU
		{0125062B-D5BB-50D1-E7EB-60A27B9BBA8E}.Release|Any CPU.ActiveCfg = Release|Any CPU
		{0125062B-D5BB-50D1-E7EB-60A27B9BBA8E}.Release|Any CPU.Build.0 = Release|Any CPU
		{DCE32998-EEA0-46A4-B292-056C41B37DDD}.Debug|Any CPU.ActiveCfg = Debug|Any CPU
		{DCE32998-EEA0-46A4-B292-056C41B37DDD}.Debug|Any CPU.Build.0 = Debug|Any CPU
		{DCE32998-EEA0-46A4-B292-056C41B37DDD}.Release|Any CPU.ActiveCfg = Release|Any CPU
		{DCE32998-EEA0-46A4-B292-056C41B37DDD}.Release|Any CPU.Build.0 = Release|Any CPU
		{E928BC08-03AF-A5CA-9905-EC1F330773DA}.Debug|Any CPU.ActiveCfg = Debug|Any CPU
		{E928BC08-03AF-A5CA-9905-EC1F330773DA}.Debug|Any CPU.Build.0 = Debug|Any CPU
		{E928BC08-03AF-A5CA-9905-EC1F330773DA}.Release|Any CPU.ActiveCfg = Release|Any CPU
		{E928BC08-03AF-A5CA-9905-EC1F330773DA}.Release|Any CPU.Build.0 = Release|Any CPU
		{64D39F27-A5FF-EBBB-CCE1-B996BA6858F4}.Debug|Any CPU.ActiveCfg = Debug|Any CPU
		{64D39F27-A5FF-EBBB-CCE1-B996BA6858F4}.Debug|Any CPU.Build.0 = Debug|Any CPU
		{64D39F27-A5FF-EBBB-CCE1-B996BA6858F4}.Release|Any CPU.ActiveCfg = Release|Any CPU
		{64D39F27-A5FF-EBBB-CCE1-B996BA6858F4}.Release|Any CPU.Build.0 = Release|Any CPU
		{25E8F1D3-81BB-9939-7FB5-D70534256D66}.Debug|Any CPU.ActiveCfg = Debug|Any CPU
		{25E8F1D3-81BB-9939-7FB5-D70534256D66}.Debug|Any CPU.Build.0 = Debug|Any CPU
		{25E8F1D3-81BB-9939-7FB5-D70534256D66}.Release|Any CPU.ActiveCfg = Release|Any CPU
		{25E8F1D3-81BB-9939-7FB5-D70534256D66}.Release|Any CPU.Build.0 = Release|Any CPU
		{AEF6689B-4F9D-49EE-83A9-34CDED48E5ED}.Debug|Any CPU.ActiveCfg = Debug|Any CPU
		{AEF6689B-4F9D-49EE-83A9-34CDED48E5ED}.Debug|Any CPU.Build.0 = Debug|Any CPU
		{AEF6689B-4F9D-49EE-83A9-34CDED48E5ED}.Release|Any CPU.ActiveCfg = Release|Any CPU
		{AEF6689B-4F9D-49EE-83A9-34CDED48E5ED}.Release|Any CPU.Build.0 = Release|Any CPU
		{BBEF6C77-85D3-D6B7-752D-C77B671A216A}.Debug|Any CPU.ActiveCfg = Debug|Any CPU
		{BBEF6C77-85D3-D6B7-752D-C77B671A216A}.Debug|Any CPU.Build.0 = Debug|Any CPU
		{BBEF6C77-85D3-D6B7-752D-C77B671A216A}.Release|Any CPU.ActiveCfg = Release|Any CPU
		{BBEF6C77-85D3-D6B7-752D-C77B671A216A}.Release|Any CPU.Build.0 = Release|Any CPU
	EndGlobalSection
	GlobalSection(SolutionProperties) = preSolution
		HideSolutionNode = FALSE
	EndGlobalSection
EndGlobal
